
Microsoft Visual Studio Solution File, Format Version 12.00
# Visual Studio 15
VisualStudioVersion = 15.0.28307.168
MinimumVisualStudioVersion = 10.0.40219.1
Project("{FAE04EC0-301F-11D3-BF4B-00C04F79EFBC}") = "PDFMerge", "PDFMerge\PDFMerge.csproj", "{046DF58A-D718-4D94-AE12-8EE32BCCC56B}"
EndProject
Global
	GlobalSection(SolutionConfigurationPlatforms) = preSolution
		Debug|Any CPU = Debug|Any CPU
		Release|Any CPU = Release|Any CPU
	EndGlobalSection
	GlobalSection(ProjectConfigurationPlatforms) = postSolution
		{046DF58A-D718-4D94-AE12-8EE32BCCC56B}.Debug|Any CPU.ActiveCfg = Debug|Any CPU
		{046DF58A-D718-4D94-AE12-8EE32BCCC56B}.Debug|Any CPU.Build.0 = Debug|Any CPU
		{046DF58A-D718-4D94-AE12-8EE32BCCC56B}.Release|Any CPU.ActiveCfg = Release|Any CPU
		{046DF58A-D718-4D94-AE12-8EE32BCCC56B}.Release|Any CPU.Build.0 = Release|Any CPU
	EndGlobalSection
	GlobalSection(SolutionProperties) = preSolution
		HideSolutionNode = FALSE
	EndGlobalSection
	GlobalSection(ExtensibilityGlobals) = postSolution
		SolutionGuid = {BB96C6C4-5940-462D-AA2A-98A59298EEB4}
	EndGlobalSection
EndGlobal
